
Microsoft Visual Studio Solution File, Format Version 12.00
# Visual Studio Version 17
VisualStudioVersion = 17.7.34202.233
MinimumVisualStudioVersion = 10.0.40219.1
Project("{FAE04EC0-301F-11D3-BF4B-00C04F79EFBC}") = "Klinika - PROJEKAT", "Klinika - PROJEKAT\Klinika - PROJEKAT.csproj", "{9647562F-A335-4452-A5A1-9C809493661D}"
EndProject
Project("{FAE04EC0-301F-11D3-BF4B-00C04F79EFBC}") = "API", "API\API.csproj", "{FA9C6F20-F5B7-45E6-A63E-79F40DBEBAF4}"
EndProject
Global
	GlobalSection(SolutionConfigurationPlatforms) = preSolution
		Debug|Any CPU = Debug|Any CPU
		Release|Any CPU = Release|Any CPU
	EndGlobalSection
	GlobalSection(ProjectConfigurationPlatforms) = postSolution
		{9647562F-A335-4452-A5A1-9C809493661D}.Debug|Any CPU.ActiveCfg = Debug|Any CPU
		{9647562F-A335-4452-A5A1-9C809493661D}.Debug|Any CPU.Build.0 = Debug|Any CPU
		{9647562F-A335-4452-A5A1-9C809493661D}.Release|Any CPU.ActiveCfg = Release|Any CPU
		{9647562F-A335-4452-A5A1-9C809493661D}.Release|Any CPU.Build.0 = Release|Any CPU
		{FA9C6F20-F5B7-45E6-A63E-79F40DBEBAF4}.Debug|Any CPU.ActiveCfg = Debug|Any CPU
		{FA9C6F20-F5B7-45E6-A63E-79F40DBEBAF4}.Debug|Any CPU.Build.0 = Debug|Any CPU
		{FA9C6F20-F5B7-45E6-A63E-79F40DBEBAF4}.Release|Any CPU.ActiveCfg = Release|Any CPU
		{FA9C6F20-F5B7-45E6-A63E-79F40DBEBAF4}.Release|Any CPU.Build.0 = Release|Any CPU
	EndGlobalSection
	GlobalSection(SolutionProperties) = preSolution
		HideSolutionNode = FALSE
	EndGlobalSection
	GlobalSection(ExtensibilityGlobals) = postSolution
		SolutionGuid = {78DF49EA-DD3C-4A19-AAAC-0FEA91F89FA3}
	EndGlobalSection
EndGlobal
